
Microsoft Visual Studio Solution File, Format Version 12.00
Project("{FAE04EC0-301F-11D3-BF4B-00C04F79EFBC}") = "examen_csharpV2", "examen_csharpV2\examen_csharpV2.csproj", "{24981B95-41B1-4F37-96D1-32BE1C28A1DC}"
EndProject
Global
	GlobalSection(SolutionConfigurationPlatforms) = preSolution
		Debug|Any CPU = Debug|Any CPU
		Release|Any CPU = Release|Any CPU
	EndGlobalSection
	GlobalSection(ProjectConfigurationPlatforms) = postSolution
		{24981B95-41B1-4F37-96D1-32BE1C28A1DC}.Debug|Any CPU.ActiveCfg = Debug|Any CPU
		{24981B95-41B1-4F37-96D1-32BE1C28A1DC}.Debug|Any CPU.Build.0 = Debug|Any CPU
		{24981B95-41B1-4F37-96D1-32BE1C28A1DC}.Release|Any CPU.ActiveCfg = Release|Any CPU
		{24981B95-41B1-4F37-96D1-32BE1C28A1DC}.Release|Any CPU.Build.0 = Release|Any CPU
	EndGlobalSection
EndGlobal
